PODS:
  - camera_avfoundation (0.0.1):
    - Flutter
  - connectivity_plus (0.0.1):
    - Flutter
    - ReachabilitySwift
  - Flutter (1.0.0)
  - flutter_mediapipe (0.0.1):
    - Flutter
  - MediaPipeTasksCommon (0.10.21)
  - MediaPipeTasksVision (0.10.21):
    - MediaPipeTasksCommon (= 0.10.21)
  - network_info_plus (0.0.1):
    - Flutter
  - path_provider_foundation (0.0.1):
    - Flutter
    - FlutterMacOS
  - permission_handler_apple (9.3.0):
    - Flutter
  - ReachabilitySwift (5.2.4)
  - shared_preferences_foundation (0.0.1):
    - Flutter
    - FlutterMacOS
  - sqflite_darwin (0.0.4):
    - Flutter
    - FlutterMacOS

DEPENDENCIES:
  - camera_avfoundation (from `.symlinks/plugins/camera_avfoundation/ios`)
  - connectivity_plus (from `.symlinks/plugins/connectivity_plus/ios`)
  - Flutter (from `Flutter`)
  - flutter_mediapipe (from `.symlinks/plugins/flutter_mediapipe/ios`)
  - MediaPipeTasksVision (~> 0.10.0)
  - network_info_plus (from `.symlinks/plugins/network_info_plus/ios`)
  - path_provider_foundation (from `.symlinks/plugins/path_provider_foundation/darwin`)
  - permission_handler_apple (from `.symlinks/plugins/permission_handler_apple/ios`)
  - shared_preferences_foundation (from `.symlinks/plugins/shared_preferences_foundation/darwin`)
  - sqflite_darwin (from `.symlinks/plugins/sqflite_darwin/darwin`)

SPEC REPOS:
  trunk:
    - MediaPipeTasksCommon
    - MediaPipeTasksVision
    - ReachabilitySwift

EXTERNAL SOURCES:
  camera_avfoundation:
    :path: ".symlinks/plugins/camera_avfoundation/ios"
  connectivity_plus:
    :path: ".symlinks/plugins/connectivity_plus/ios"
  Flutter:
    :path: Flutter
  flutter_mediapipe:
    :path: ".symlinks/plugins/flutter_mediapipe/ios"
  network_info_plus:
    :path: ".symlinks/plugins/network_info_plus/ios"
  path_provider_foundation:
    :path: ".symlinks/plugins/path_provider_foundation/darwin"
  permission_handler_apple:
    :path: ".symlinks/plugins/permission_handler_apple/ios"
  shared_preferences_foundation:
    :path: ".symlinks/plugins/shared_preferences_foundation/darwin"
  sqflite_darwin:
    :path: ".symlinks/plugins/sqflite_darwin/darwin"

SPEC CHECKSUMS:
  camera_avfoundation: be3be85408cd4126f250386828e9b1dfa40ab436
  connectivity_plus: 481668c94744c30c53b8895afb39159d1e619bdf
  Flutter: e0871f40cf51350855a761d2e70bf5af5b9b5de7
  flutter_mediapipe: 8bfff108ae6878f299631ac5ae077004db9b9afc
  MediaPipeTasksCommon: 6cfa29170d4900f04d250ad95ec058f14a741f38
  MediaPipeTasksVision: 7b1c0f5a5820e87e9d96926f5e65d8cd3744fac2
  network_info_plus: b6c3b27559bf719cc53ef571a947b3ac4629754c
  path_provider_foundation: 080d55be775b7414fd5a5ef3ac137b97b097e564
  permission_handler_apple: 4ed2196e43d0651e8ff7ca3483a069d469701f2d
  ReachabilitySwift: 32793e867593cfc1177f5d16491e3a197d2fccda
  shared_preferences_foundation: 9e1978ff2562383bd5676f64ec4e9aa8fa06a6f7
  sqflite_darwin: 20b2a3a3b70e43edae938624ce550a3cbf66a3d0

PODFILE CHECKSUM: cbee61c8b7b7501060ab810a62f3be51ce883639

COCOAPODS: 1.16.2
